{
  "version": 2,
  "dependencies": {
    "net10.0": {
      "FsCheck.NUnit": {
        "type": "Direct",
        "requested": "[3.3.2, )",
        "resolved": "3.3.2",
        "contentHash": "7x3RxAX6pS1kniyahf5FyI9eHgqLimc43O39SYwPwXr08rP7AK2yRxhbNldDNWMm53OKrFGbHWAnBZTHuusxww==",
        "dependencies": {
          "FsCheck": "[3.3.2]",
          "NUnit": "[4.0.0, 5.0.0)"
        }
      },
      "Microsoft.NET.Test.Sdk": {
        "type": "Direct",
        "requested": "[18.3.0, )",
        "resolved": "18.3.0",
        "contentHash": "xW3kXuWRQtgoxJp4J+gdhHSQyK+6Wb/AZDSd7lMvuMRYlZ1tnpkojyfZlWilB5G4dmZ0Y0ZxU/M23TlubndNkw==",
        "dependencies": {
          "Microsoft.CodeCoverage": "18.3.0",
          "Microsoft.TestPlatform.TestHost": "18.3.0"
        }
      },
      "Microsoft.SourceLink.GitHub": {
        "type": "Direct",
        "requested": "[10.0.201, )",
        "resolved": "10.0.201",
        "contentHash": "qxYAmO4ktzd9L+HMdnqWucxpu7bI9undPyACXOMqPyhaiMtbpbYL/n0ACyWIJlbyEJrXFwxiOaBOSasLtDvsCg==",
        "dependencies": {
          "Microsoft.Build.Tasks.Git": "10.0.201",
          "Microsoft.SourceLink.Common": "10.0.201",
          "System.IO.Hashing": "10.0.5"
        }
      },
      "MinVer": {
        "type": "Direct",
        "requested": "[7.0.0, )",
        "resolved": "7.0.0",
        "contentHash": "2lMTCQl5bGP4iv0JNkockPnyllC6eHLz+CoK2ICvalvHod+exXSxueu9hq+zNkU7bZBJf8wMfeRC/Edn8AGmEg=="
      },
      "NSubstitute": {
        "type": "Direct",
        "requested": "[5.3.0, )",
        "resolved": "5.3.0",
        "contentHash": "lJ47Cps5Qzr86N99lcwd+OUvQma7+fBgr8+Mn+aOC0WrlqMNkdivaYD9IvnZ5Mqo6Ky3LS7ZI+tUq1/s9ERd0Q==",
        "dependencies": {
          "Castle.Core": "5.1.1"
        }
      },
      "NUnit": {
        "type": "Direct",
        "requested": "[4.5.1, )",
        "resolved": "4.5.1",
        "contentHash": "x1sIqU9i0IkxqFayqthzmJs/75jTMbrfNMixj4vtfTi7rRzGbtuY27V+iAhfTY02u5k2qvW3QBGM414OG4q8Lw=="
      },
      "NUnit.Analyzers": {
        "type": "Direct",
        "requested": "[4.12.0, )",
        "resolved": "4.12.0",
        "contentHash": "QuEHoNlYPyjX+MUNLgj5WquT4MFFJIhIVjbZelP13z6hQP5eCl/7QgSCA0xxhTJLnrMkc7QcnEp2lTchx5pHYA=="
      },
      "NUnit3TestAdapter": {
        "type": "Direct",
        "requested": "[6.1.0, )",
        "resolved": "6.1.0",
        "contentHash": "H4zRIkiGyPa7RpApzXwan5vpZzu4ZDIzuKNlHFiDjOt5Irq4Y5j8r1SA7Oeo0yFCUyfiY7Jy2DTl8RnFZwpKNA==",
        "dependencies": {
          "Microsoft.Testing.Extensions.VSTestBridge": "2.0.2",
          "Microsoft.Testing.Platform.MSBuild": "2.0.2"
        }
      },
      "Shouldly": {
        "type": "Direct",
        "requested": "[4.3.0, )",
        "resolved": "4.3.0",
        "contentHash": "sDetrWXrl6YXZ4HeLsdBoNk3uIa7K+V4uvIJ+cqdRa5DrFxeTED7VkjoxCuU1kJWpUuBDZz2QXFzSxBtVXLwRQ==",
        "dependencies": {
          "DiffEngine": "11.3.0",
          "EmptyFiles": "4.4.0"
        }
      },
      "Castle.Core": {
        "type": "Transitive",
        "resolved": "5.1.1",
        "contentHash": "rpYtIczkzGpf+EkZgDr9CClTdemhsrwA/W5hMoPjLkRFnXzH44zDLoovXeKtmxb1ykXK9aJVODSpiJml8CTw2g==",
        "dependencies": {
          "System.Diagnostics.EventLog": "6.0.0"
        }
      },
      "DiffEngine": {
        "type": "Transitive",
        "resolved": "11.3.0",
        "contentHash": "k0ZgZqd09jLZQjR8FyQbSQE86Q7QZnjEzq1LPHtj1R2AoWO8sjV5x+jlSisL7NZAbUOI4y+7Bog8gkr9WIRBGw==",
        "dependencies": {
          "EmptyFiles": "4.4.0",
          "System.Management": "6.0.1"
        }
      },
      "EmptyFiles": {
        "type": "Transitive",
        "resolved": "4.4.0",
        "contentHash": "gwJEfIGS7FhykvtZoscwXj/XwW+mJY6UbAZk+qtLKFUGWC95kfKXnj8VkxsZQnWBxJemM/q664rGLN5nf+OHZw=="
      },
      "FsCheck": {
        "type": "Transitive",
        "resolved": "3.3.2",
        "contentHash": "JlK719ZlP/ofbsN0qXYrfqbe2SCgp4D1BEyJynkzyurMI2JqUkWgZHXgEu0pXVdj35zU/GWsXrGYA68sSdAmHQ==",
        "dependencies": {
          "FSharp.Core": "5.0.2"
        }
      },
      "FSharp.Core": {
        "type": "Transitive",
        "resolved": "5.0.2",
        "contentHash": "DpcajqENgb3VXaHw1FKfVS+TWwEzck1PCajqLwBAVrtd1lfxd7T8JISVZBdV1mX9+2g48+tIgpNaVJWObdMrBw=="
      },
      "Microsoft.ApplicationInsights": {
        "type": "Transitive",
        "resolved": "2.23.0",
        "contentHash": "nWArUZTdU7iqZLycLKWe0TDms48KKGE6pONH2terYNa8REXiqixrMOkf1sk5DHGMaUTqONU2YkS4SAXBhLStgw=="
      },
      "Microsoft.Build.Tasks.Git": {
        "type": "Transitive",
        "resolved": "10.0.201",
        "contentHash": "DMYBnrFZvLnBKn14VavEuuIr31CY6YY2i2L9P8DorS/Qp6ifRR8ZPLdJCFLFfjikNq8DykbYyLd/RP6lSqHcWw==",
        "dependencies": {
          "System.IO.Hashing": "10.0.5"
        }
      },
      "Microsoft.CodeCoverage": {
        "type": "Transitive",
        "resolved": "18.3.0",
        "contentHash": "23BNy/vziREC20Wwhb50K7+kZe0m07KlLWDQv4qjJ9tt3QjpDpDIqJFrhYHmMEo9xDkuSp55U/8h4bMF7MiB+g=="
      },
      "Microsoft.SourceLink.Common": {
        "type": "Transitive",
        "resolved": "10.0.201",
        "contentHash": "QbBYhkjgL6rCnBfDbzsAJLlsad13TlBHqYCFDIw56OO2g6ix+9RsmY8uxiQGdWwFKbZXaXyAA6jDCzFYVGCZDw=="
      },
      "Microsoft.Testing.Extensions.Telemetry": {
        "type": "Transitive",
        "resolved": "2.0.2",
        "contentHash": "H580BvHyuADoWzlH9zRk5fqVyGucm6mhph+k40CQc9O4ie+Buxa4Pk9Q92BEClqIICqi25J7fuMII9qFYYgKtw==",
        "dependencies": {
          "Microsoft.ApplicationInsights": "2.23.0",
          "Microsoft.Testing.Platform": "2.0.2"
        }
      },
      "Microsoft.Testing.Extensions.TrxReport.Abstractions": {
        "type": "Transitive",
        "resolved": "2.0.2",
        "contentHash": "MrHYdPZ1CiyYp5bfjzNSghfVwl/I9osMazcZMAbwZY0BhR32i70YLf4zSXECvU2qt2PvDdrjYpGRgBscFbjDpw==",
        "dependencies": {
          "Microsoft.Testing.Platform": "2.0.2"
        }
      },
      "Microsoft.Testing.Extensions.VSTestBridge": {
        "type": "Transitive",
        "resolved": "2.0.2",
        "contentHash": "6WSUZyv71NmF1bhFWpNht2bskVWL/5Lcu9qxDUnnboYRiujh9w4swn/cPSbVCSGXwyMq9uKRlI9zZ+ReBO8e+Q==",
        "dependencies": {
          "Microsoft.TestPlatform.AdapterUtilities": "18.0.1",
          "Microsoft.TestPlatform.ObjectModel": "18.0.1",
          "Microsoft.Testing.Extensions.Telemetry": "2.0.2",
          "Microsoft.Testing.Extensions.TrxReport.Abstractions": "2.0.2",
          "Microsoft.Testing.Platform": "2.0.2"
        }
      },
      "Microsoft.Testing.Platform": {
        "type": "Transitive",
        "resolved": "2.0.2",
        "contentHash": "43NCOTEENtdc9fmlzX9KHQR14AZEYek5r4jOJlWPhTyV1+aYAQYl4x773nYXU5TKxV6+rMuniJ7wcj9C9qrP1A=="
      },
      "Microsoft.Testing.Platform.MSBuild": {
        "type": "Transitive",
        "resolved": "2.0.2",
        "contentHash": "2zKkQKaUoaKgb/3AekboWOdLMh4upCo1nLWQnjGzp8r9YjiNOZRrzTsJQ3A4U03AcbH0evlIvFDKYSUqmTVuug==",
        "dependencies": {
          "Microsoft.Testing.Platform": "2.0.2"
        }
      },
      "Microsoft.TestPlatform.AdapterUtilities": {
        "type": "Transitive",
        "resolved": "18.0.1",
        "contentHash": "gXIugDKnACB8p93+9dFnMdE7vvs0ZrjjDltdGC4VylbKK7gPegWYASGjryVkIDvFr56Ulx4UDIKsB71qYHJBWg=="
      },
      "Microsoft.TestPlatform.ObjectModel": {
        "type": "Transitive",
        "resolved": "18.3.0",
        "contentHash": "AEIEX2aWdPO9XbtR96eBaJxmXRD9vaI9uQ1T/JbPEKlTAZwYx0ZrMzKyULMdh/HH9Sg03kXCoN7LszQ90o6nPQ=="
      },
      "Microsoft.TestPlatform.TestHost": {
        "type": "Transitive",
        "resolved": "18.3.0",
        "contentHash": "twmsoelXnp1uWMU3VGip9f0Jr1mZ0PZqgJdF35CIrdYgYrkHIJMV1m8uKyhcdjLdsQDESHAgkR7KhS9i1qpJag==",
        "dependencies": {
          "Microsoft.TestPlatform.ObjectModel": "18.3.0",
          "Newtonsoft.Json": "13.0.3"
        }
      },
      "Newtonsoft.Json": {
        "type": "Transitive",
        "resolved": "13.0.3",
        "contentHash": "HrC5BXdl00IP9zeV+0Z848QWPAoCr9P3bDEZguI+gkLcBKAOxix/tLEAAHC+UvDNPv4a2d18lOReHMOagPa+zQ=="
      },
      "System.CodeDom": {
        "type": "Transitive",
        "resolved": "6.0.0",
        "contentHash": "CPc6tWO1LAer3IzfZufDBRL+UZQcj5uS207NHALQzP84Vp/z6wF0Aa0YZImOQY8iStY0A2zI/e3ihKNPfUm8XA=="
      },
      "System.Diagnostics.EventLog": {
        "type": "Transitive",
        "resolved": "6.0.0",
        "contentHash": "lcyUiXTsETK2ALsZrX+nWuHSIQeazhqPphLfaRxzdGaG93+0kELqpgEHtwWOlQe7+jSFnKwaCAgL4kjeZCQJnw=="
      },
      "System.IO.Hashing": {
        "type": "Transitive",
        "resolved": "10.0.5",
        "contentHash": "8IBJWcCT9+e4Bmevm4T7+fQEiAh133KGiz4oiVTgJckd3Q76OFdR1falgn9lpz7+C4HJvogCDJeAa2QmvbeVtg=="
      },
      "System.Management": {
        "type": "Transitive",
        "resolved": "6.0.1",
        "contentHash": "10J1D0h/lioojphfJ4Fuh5ZUThT/xOVHdV9roGBittKKNP2PMjrvibEdbVTGZcPra1399Ja3tqIJLyQrc5Wmhg==",
        "dependencies": {
          "System.CodeDom": "6.0.0"
        }
      },
      "cycle.core": {
        "type": "Project"
      }
    }
  }
}